
Microsoft Visual Studio Solution File, Format Version 12.00
# Visual Studio Version 17
VisualStudioVersion = 17.14.36414.22 d17.14
MinimumVisualStudioVersion = 10.0.40219.1
Project("{FAE04EC0-301F-11D3-BF4B-00C04F79EFBC}") = "WebATBApi", "WebATBApi\WebATBApi.csproj", "{B16A0427-4787-4ECD-AB47-D2194425B965}"
EndProject
Global
	GlobalSection(SolutionConfigurationPlatforms) = preSolution
		Debug|Any CPU = Debug|Any CPU
		Release|Any CPU = Release|Any CPU
	EndGlobalSection
	GlobalSection(ProjectConfigurationPlatforms) = postSolution
		{B16A0427-4787-4ECD-AB47-D2194425B965}.Debug|Any CPU.ActiveCfg = Debug|Any CPU
		{B16A0427-4787-4ECD-AB47-D2194425B965}.Debug|Any CPU.Build.0 = Debug|Any CPU
		{B16A0427-4787-4ECD-AB47-D2194425B965}.Release|Any CPU.ActiveCfg = Release|Any CPU
		{B16A0427-4787-4ECD-AB47-D2194425B965}.Release|Any CPU.Build.0 = Release|Any CPU
	EndGlobalSection
	GlobalSection(SolutionProperties) = preSolution
		HideSolutionNode = FALSE
	EndGlobalSection
	GlobalSection(ExtensibilityGlobals) = postSolution
		SolutionGuid = {BC50887D-D5C1-4C7B-9213-63BD00A60A5C}
	EndGlobalSection
EndGlobal
